
Microsoft Visual Studio Solution File, Format Version 12.00
# Visual Studio Version 17
VisualStudioVersion = 17.11.35327.3
MinimumVisualStudioVersion = 10.0.40219.1
Project("{9A19103F-16F7-4668-BE54-9A1E7A4F7556}") = "CloudStorage.WebApi", "CloudStorage.WebApi\CloudStorage.WebApi.csproj", "{B7C42DB5-A764-4C59-A06F-498C6C9CA06D}"
EndProject
Project("{9A19103F-16F7-4668-BE54-9A1E7A4F7556}") = "CloudStorage.Data", "CloudStorage.Data\CloudStorage.Data.csproj", "{4CC2D2F3-170B-4BC0-86E5-B7F06C2139D2}"
EndProject
Project("{FAE04EC0-301F-11D3-BF4B-00C04F79EFBC}") = "CloudStorage.Client", "CloudStorage.Client\CloudStorage.Client.csproj", "{FC323EAA-873D-4926-9F69-827103676A92}"
EndProject
Global
	GlobalSection(SolutionConfigurationPlatforms) = preSolution
		Debug|Any CPU = Debug|Any CPU
		Release|Any CPU = Release|Any CPU
	EndGlobalSection
	GlobalSection(ProjectConfigurationPlatforms) = postSolution
		{B7C42DB5-A764-4C59-A06F-498C6C9CA06D}.Debug|Any CPU.ActiveCfg = Debug|Any CPU
		{B7C42DB5-A764-4C59-A06F-498C6C9CA06D}.Debug|Any CPU.Build.0 = Debug|Any CPU
		{B7C42DB5-A764-4C59-A06F-498C6C9CA06D}.Release|Any CPU.ActiveCfg = Release|Any CPU
		{B7C42DB5-A764-4C59-A06F-498C6C9CA06D}.Release|Any CPU.Build.0 = Release|Any CPU
		{4CC2D2F3-170B-4BC0-86E5-B7F06C2139D2}.Debug|Any CPU.ActiveCfg = Debug|Any CPU
		{4CC2D2F3-170B-4BC0-86E5-B7F06C2139D2}.Debug|Any CPU.Build.0 = Debug|Any CPU
		{4CC2D2F3-170B-4BC0-86E5-B7F06C2139D2}.Release|Any CPU.ActiveCfg = Release|Any CPU
		{4CC2D2F3-170B-4BC0-86E5-B7F06C2139D2}.Release|Any CPU.Build.0 = Release|Any CPU
		{FC323EAA-873D-4926-9F69-827103676A92}.Debug|Any CPU.ActiveCfg = Debug|Any CPU
		{FC323EAA-873D-4926-9F69-827103676A92}.Debug|Any CPU.Build.0 = Debug|Any CPU
		{FC323EAA-873D-4926-9F69-827103676A92}.Release|Any CPU.ActiveCfg = Release|Any CPU
		{FC323EAA-873D-4926-9F69-827103676A92}.Release|Any CPU.Build.0 = Release|Any CPU
	EndGlobalSection
	GlobalSection(SolutionProperties) = preSolution
		HideSolutionNode = FALSE
	EndGlobalSection
	GlobalSection(ExtensibilityGlobals) = postSolution
		SolutionGuid = {16DE17F4-F8DE-4EED-8BDE-D897BE894A52}
	EndGlobalSection
EndGlobal
